
Microsoft Visual Studio Solution File, Format Version 12.00
# Visual Studio Version 17
VisualStudioVersion = 17.11.35312.102
MinimumVisualStudioVersion = 10.0.40219.1
Project("{FAE04EC0-301F-11D3-BF4B-00C04F79EFBC}") = "IdentityCustomization.API", "src\IdentityCustomization.API\IdentityCustomization.API.csproj", "{6C6508EE-9259-4E3F-BB11-0D742B9C5A27}"
EndProject
Global
	GlobalSection(SolutionConfigurationPlatforms) = preSolution
		Debug|Any CPU = Debug|Any CPU
		Release|Any CPU = Release|Any CPU
	EndGlobalSection
	GlobalSection(ProjectConfigurationPlatforms) = postSolution
		{6C6508EE-9259-4E3F-BB11-0D742B9C5A27}.Debug|Any CPU.ActiveCfg = Debug|Any CPU
		{6C6508EE-9259-4E3F-BB11-0D742B9C5A27}.Debug|Any CPU.Build.0 = Debug|Any CPU
		{6C6508EE-9259-4E3F-BB11-0D742B9C5A27}.Release|Any CPU.ActiveCfg = Release|Any CPU
		{6C6508EE-9259-4E3F-BB11-0D742B9C5A27}.Release|Any CPU.Build.0 = Release|Any CPU
	EndGlobalSection
	GlobalSection(SolutionProperties) = preSolution
		HideSolutionNode = FALSE
	EndGlobalSection
	GlobalSection(ExtensibilityGlobals) = postSolution
		SolutionGuid = {54E12996-75E7-4221-8F29-CEBF6CA8C98F}
	EndGlobalSection
EndGlobal
